
Microsoft Visual Studio Solution File, Format Version 12.00
# Visual Studio Version 16
VisualStudioVersion = 16.0.29306.81
MinimumVisualStudioVersion = 10.0.40219.1
Project("{FAE04EC0-301F-11D3-BF4B-00C04F79EFBC}") = "IPGK.ReadFile", "IPGK.ReadFile\IPGK.ReadFile.csproj", "{0A702564-67F6-4F34-BCB7-7C7263AF177A}"
EndProject
Project("{FAE04EC0-301F-11D3-BF4B-00C04F79EFBC}") = "IPGK.ReadFile.Web", "IPGK.ReadFile.Web\IPGK.ReadFile.Web.csproj", "{0C8493C6-C362-48F6-801E-F49B501DD913}"
EndProject
Global
	GlobalSection(SolutionConfigurationPlatforms) = preSolution
		Debug|Any CPU = Debug|Any CPU
		Release|Any CPU = Release|Any CPU
	EndGlobalSection
	GlobalSection(ProjectConfigurationPlatforms) = postSolution
		{0A702564-67F6-4F34-BCB7-7C7263AF177A}.Debug|Any CPU.ActiveCfg = Debug|Any CPU
		{0A702564-67F6-4F34-BCB7-7C7263AF177A}.Debug|Any CPU.Build.0 = Debug|Any CPU
		{0A702564-67F6-4F34-BCB7-7C7263AF177A}.Release|Any CPU.ActiveCfg = Release|Any CPU
		{0A702564-67F6-4F34-BCB7-7C7263AF177A}.Release|Any CPU.Build.0 = Release|Any CPU
		{0C8493C6-C362-48F6-801E-F49B501DD913}.Debug|Any CPU.ActiveCfg = Debug|Any CPU
		{0C8493C6-C362-48F6-801E-F49B501DD913}.Debug|Any CPU.Build.0 = Debug|Any CPU
		{0C8493C6-C362-48F6-801E-F49B501DD913}.Release|Any CPU.ActiveCfg = Release|Any CPU
		{0C8493C6-C362-48F6-801E-F49B501DD913}.Release|Any CPU.Build.0 = Release|Any CPU
	EndGlobalSection
	GlobalSection(SolutionProperties) = preSolution
		HideSolutionNode = FALSE
	EndGlobalSection
	GlobalSection(ExtensibilityGlobals) = postSolution
		SolutionGuid = {8C28DD96-7323-48DF-9188-A42FCFA13895}
	EndGlobalSection
EndGlobal
